# THIS IS AN AUTOGENERATED FILE. DO NOT EDIT THIS FILE DIRECTLY.
# yarn lockfile v1


"@ampproject/remapping@0.2.0":
  version "0.2.0"
  resolved "https://registry.yarnpkg.com/@ampproject/remapping/-/remapping-0.2.0.tgz#07290a5c0f5eac8a4c33d38aa0d15a3416db432e"
  integrity sha512-a4EztS9/GOVQjX5Ol+Iz33TFhaXvYBF7aB6D8+Qz0/SCIxOm3UNRhGZiwcCuJ8/Ifc6NCogp3S48kc5hFxRpUw==
  dependencies:
    "@jridgewell/resolve-uri" "1.0.0"
    sourcemap-codec "1.4.8"

"@ampproject/rollup-plugin-closure-compiler@^0.27.0":
  version "0.27.0"
  resolved "https://registry.yarnpkg.com/@ampproject/rollup-plugin-closure-compiler/-/rollup-plugin-closure-compiler-0.27.0.tgz#fd98e7257946242cc6f3eaf8ae18d4a67a99ed40"
  integrity sha512-stpAOn2ZZEJuAV39HFw9cnKJYNhEeHtcsoa83orpLDhSxsxSbVEKwHaWlFBaQYpQRSOdapC4eJhJnCzocZxnqg==
  dependencies:
    "@ampproject/remapping" "0.2.0"
    acorn "7.3.1"
    acorn-walk "7.1.1"
    estree-walker "2.0.1"
    google-closure-compiler "20210808.0.0"
    magic-string "0.25.7"
    uuid "8.1.0"

"@jridgewell/resolve-uri@1.0.0":
  version "1.0.0"
  resolved "https://registry.yarnpkg.com/@jridgewell/resolve-uri/-/resolve-uri-1.0.0.tgz#3fdf5798f0b49e90155896f6291df186eac06c83"
  integrity sha512-9oLAnygRMi8Q5QkYEU4XWK04B+nuoXoxjRvRxgjuChkLZFBja0YPSgdZ7dZtwhncLBcQe/I/E+fLuk5qxcYVJA==

"@rollup/plugin-alias@^5.1.1":
  version "5.1.1"
  resolved "https://registry.yarnpkg.com/@rollup/plugin-alias/-/plugin-alias-5.1.1.tgz#53601d88cda8b1577aa130b4a6e452283605bf26"
  integrity sha512-PR9zDb+rOzkRb2VD+EuKB7UC41vU5DIwZ5qqCpk0KJudcWAyi8rvYOhS7+L5aZCspw1stTViLgN5v6FF1p5cgQ==

"@rollup/plugin-typescript@^12.1.4":
  version "12.1.4"
  resolved "https://registry.yarnpkg.com/@rollup/plugin-typescript/-/plugin-typescript-12.1.4.tgz#9a58433e8b13906198953d79faf3b16f67ee0424"
  integrity sha512-s5Hx+EtN60LMlDBvl5f04bEiFZmAepk27Q+mr85L/00zPDn1jtzlTV6FWn81MaIwqfWzKxmOJrBWHU6vtQyedQ==
  dependencies:
    "@rollup/pluginutils" "^5.1.0"
    resolve "^1.22.1"

"@rollup/pluginutils@^3.0.9":
  version "3.1.0"
  resolved "https://registry.yarnpkg.com/@rollup/pluginutils/-/pluginutils-3.1.0.tgz#706b4524ee6dc8b103b3c995533e5ad680c02b9b"
  integrity sha512-GksZ6pr6TpIjHm8h9lSQ8pi8BE9VeubNT0OMJ3B5uZJ8pz73NPiqOtCog/x2/QzM1ENChPKxMDhiQuRHsqc+lg==
  dependencies:
    "@types/estree" "0.0.39"
    estree-walker "^1.0.1"
    picomatch "^2.2.2"

"@rollup/pluginutils@^5.1.0":
  version "5.3.0"
  resolved "https://registry.yarnpkg.com/@rollup/pluginutils/-/pluginutils-5.3.0.tgz#57ba1b0cbda8e7a3c597a4853c807b156e21a7b4"
  integrity sha512-5EdhGZtnu3V88ces7s53hhfK5KSASnJZv8Lulpc04cWO3REESroJXg73DFsOmgbU2BhwV0E20bu2IDZb3VKW4Q==
  dependencies:
    "@types/estree" "^1.0.0"
    estree-walker "^2.0.2"
    picomatch "^4.0.2"

"@rollup/rollup-android-arm-eabi@4.50.1":
  version "4.50.1"
  resolved "https://registry.yarnpkg.com/@rollup/rollup-android-arm-eabi/-/rollup-android-arm-eabi-4.50.1.tgz#7d41dc45adcfcb272504ebcea9c8a5b2c659e963"
  integrity sha512-HJXwzoZN4eYTdD8bVV22DN8gsPCAj3V20NHKOs8ezfXanGpmVPR7kalUHd+Y31IJp9stdB87VKPFbsGY3H/2ag==

"@rollup/rollup-android-arm64@4.50.1":
  version "4.50.1"
  resolved "https://registry.yarnpkg.com/@rollup/rollup-android-arm64/-/rollup-android-arm64-4.50.1.tgz#6c708fae2c9755e994c42d56c34a94cb77020650"
  integrity sha512-PZlsJVcjHfcH53mOImyt3bc97Ep3FJDXRpk9sMdGX0qgLmY0EIWxCag6EigerGhLVuL8lDVYNnSo8qnTElO4xw==

"@rollup/rollup-darwin-arm64@4.50.1":
  version "4.50.1"
  resolved "https://registry.yarnpkg.com/@rollup/rollup-darwin-arm64/-/rollup-darwin-arm64-4.50.1.tgz#85ccf92ab114e434c83037a175923a525635cbb4"
  integrity sha512-xc6i2AuWh++oGi4ylOFPmzJOEeAa2lJeGUGb4MudOtgfyyjr4UPNK+eEWTPLvmPJIY/pgw6ssFIox23SyrkkJw==

"@rollup/rollup-darwin-x64@4.50.1":
  version "4.50.1"
  resolved "https://registry.yarnpkg.com/@rollup/rollup-darwin-x64/-/rollup-darwin-x64-4.50.1.tgz#0af089f3d658d05573208dabb3a392b44d7f4630"
  integrity sha512-2ofU89lEpDYhdLAbRdeyz/kX3Y2lpYc6ShRnDjY35bZhd2ipuDMDi6ZTQ9NIag94K28nFMofdnKeHR7BT0CATw==

"@rollup/rollup-freebsd-arm64@4.50.1":
  version "4.50.1"
  resolved "https://registry.yarnpkg.com/@rollup/rollup-freebsd-arm64/-/rollup-freebsd-arm64-4.50.1.tgz#46c22a16d18180e99686647543335567221caa9c"
  integrity sha512-wOsE6H2u6PxsHY/BeFHA4VGQN3KUJFZp7QJBmDYI983fgxq5Th8FDkVuERb2l9vDMs1D5XhOrhBrnqcEY6l8ZA==

"@rollup/rollup-freebsd-x64@4.50.1":
  version "4.50.1"
  resolved "https://registry.yarnpkg.com/@rollup/rollup-freebsd-x64/-/rollup-freebsd-x64-4.50.1.tgz#819ffef2f81891c266456952962a13110c8e28b5"
  integrity sha512-A/xeqaHTlKbQggxCqispFAcNjycpUEHP52mwMQZUNqDUJFFYtPHCXS1VAG29uMlDzIVr+i00tSFWFLivMcoIBQ==

"@rollup/rollup-linux-arm-gnueabihf@4.50.1":
  version "4.50.1"
  resolved "https://registry.yarnpkg.com/@rollup/rollup-linux-arm-gnueabihf/-/rollup-linux-arm-gnueabihf-4.50.1.tgz#7fe283c14793e607e653a3214b09f8973f08262a"
  integrity sha512-54v4okehwl5TaSIkpp97rAHGp7t3ghinRd/vyC1iXqXMfjYUTm7TfYmCzXDoHUPTTf36L8pr0E7YsD3CfB3ZDg==

"@rollup/rollup-linux-arm-musleabihf@4.50.1":
  version "4.50.1"
  resolved "https://registry.yarnpkg.com/@rollup/rollup-linux-arm-musleabihf/-/rollup-linux-arm-musleabihf-4.50.1.tgz#066e92eb22ea30560414ec800a6d119ba0b435ac"
  integrity sha512-p/LaFyajPN/0PUHjv8TNyxLiA7RwmDoVY3flXHPSzqrGcIp/c2FjwPPP5++u87DGHtw+5kSH5bCJz0mvXngYxw==

"@rollup/rollup-linux-arm64-gnu@4.50.1":
  version "4.50.1"
  resolved "https://registry.yarnpkg.com/@rollup/rollup-linux-arm64-gnu/-/rollup-linux-arm64-gnu-4.50.1.tgz#480d518ea99a8d97b2a174c46cd55164f138cc37"
  integrity sha512-2AbMhFFkTo6Ptna1zO7kAXXDLi7H9fGTbVaIq2AAYO7yzcAsuTNWPHhb2aTA6GPiP+JXh85Y8CiS54iZoj4opw==

"@rollup/rollup-linux-arm64-musl@4.50.1":
  version "4.50.1"
  resolved "https://registry.yarnpkg.com/@rollup/rollup-linux-arm64-musl/-/rollup-linux-arm64-musl-4.50.1.tgz#ed7db3b8999b60dd20009ddf71c95f3af49423c8"
  integrity sha512-Cgef+5aZwuvesQNw9eX7g19FfKX5/pQRIyhoXLCiBOrWopjo7ycfB292TX9MDcDijiuIJlx1IzJz3IoCPfqs9w==

"@rollup/rollup-linux-loongarch64-gnu@4.50.1":
  version "4.50.1"
  resolved "https://registry.yarnpkg.com/@rollup/rollup-linux-loongarch64-gnu/-/rollup-linux-loongarch64-gnu-4.50.1.tgz#16a6927a35f5dbc505ff874a4e1459610c0c6f46"
  integrity sha512-RPhTwWMzpYYrHrJAS7CmpdtHNKtt2Ueo+BlLBjfZEhYBhK00OsEqM08/7f+eohiF6poe0YRDDd8nAvwtE/Y62Q==

"@rollup/rollup-linux-ppc64-gnu@4.50.1":
  version "4.50.1"
  resolved "https://registry.yarnpkg.com/@rollup/rollup-linux-ppc64-gnu/-/rollup-linux-ppc64-gnu-4.50.1.tgz#a006700469be0041846c45b494c35754e6a04eea"
  integrity sha512-eSGMVQw9iekut62O7eBdbiccRguuDgiPMsw++BVUg+1K7WjZXHOg/YOT9SWMzPZA+w98G+Fa1VqJgHZOHHnY0Q==

"@rollup/rollup-linux-riscv64-gnu@4.50.1":
  version "4.50.1"
  resolved "https://registry.yarnpkg.com/@rollup/rollup-linux-riscv64-gnu/-/rollup-linux-riscv64-gnu-4.50.1.tgz#0fcc45b2ec8a0e54218ca48849ea6d596f53649c"
  integrity sha512-S208ojx8a4ciIPrLgazF6AgdcNJzQE4+S9rsmOmDJkusvctii+ZvEuIC4v/xFqzbuP8yDjn73oBlNDgF6YGSXQ==

"@rollup/rollup-linux-riscv64-musl@4.50.1":
  version "4.50.1"
  resolved "https://registry.yarnpkg.com/@rollup/rollup-linux-riscv64-musl/-/rollup-linux-riscv64-musl-4.50.1.tgz#d6e617eec9fe6f5859ee13fad435a16c42b469f2"
  integrity sha512-3Ag8Ls1ggqkGUvSZWYcdgFwriy2lWo+0QlYgEFra/5JGtAd6C5Hw59oojx1DeqcA2Wds2ayRgvJ4qxVTzCHgzg==

"@rollup/rollup-linux-s390x-gnu@4.50.1":
  version "4.50.1"
  resolved "https://registry.yarnpkg.com/@rollup/rollup-linux-s390x-gnu/-/rollup-linux-s390x-gnu-4.50.1.tgz#b147760d63c6f35b4b18e6a25a2a760dd3ea0c05"
  integrity sha512-t9YrKfaxCYe7l7ldFERE1BRg/4TATxIg+YieHQ966jwvo7ddHJxPj9cNFWLAzhkVsbBvNA4qTbPVNsZKBO4NSg==

"@rollup/rollup-linux-x64-gnu@4.50.1":
  version "4.50.1"
  resolved "https://registry.yarnpkg.com/@rollup/rollup-linux-x64-gnu/-/rollup-linux-x64-gnu-4.50.1.tgz#fc0be1da374f85e7e85dccaf1ff12d7cfc9fbe3d"
  integrity sha512-MCgtFB2+SVNuQmmjHf+wfI4CMxy3Tk8XjA5Z//A0AKD7QXUYFMQcns91K6dEHBvZPCnhJSyDWLApk40Iq/H3tA==

"@rollup/rollup-linux-x64-musl@4.50.1":
  version "4.50.1"
  resolved "https://registry.yarnpkg.com/@rollup/rollup-linux-x64-musl/-/rollup-linux-x64-musl-4.50.1.tgz#54c79932e0f9a3c992b034c82325be3bcde0d067"
  integrity sha512-nEvqG+0jeRmqaUMuwzlfMKwcIVffy/9KGbAGyoa26iu6eSngAYQ512bMXuqqPrlTyfqdlB9FVINs93j534UJrg==

"@rollup/rollup-openharmony-arm64@4.50.1":
  version "4.50.1"
  resolved "https://registry.yarnpkg.com/@rollup/rollup-openharmony-arm64/-/rollup-openharmony-arm64-4.50.1.tgz#fc48e74d413623ac02c1d521bec3e5e784488fdc"
  integrity sha512-RDsLm+phmT3MJd9SNxA9MNuEAO/J2fhW8GXk62G/B4G7sLVumNFbRwDL6v5NrESb48k+QMqdGbHgEtfU0LCpbA==

"@rollup/rollup-win32-arm64-msvc@4.50.1":
  version "4.50.1"
  resolved "https://registry.yarnpkg.com/@rollup/rollup-win32-arm64-msvc/-/rollup-win32-arm64-msvc-4.50.1.tgz#8ce3d1181644406362cf1e62c90e88ab083e02bb"
  integrity sha512-hpZB/TImk2FlAFAIsoElM3tLzq57uxnGYwplg6WDyAxbYczSi8O2eQ+H2Lx74504rwKtZ3N2g4bCUkiamzS6TQ==

"@rollup/rollup-win32-ia32-msvc@4.50.1":
  version "4.50.1"
  resolved "https://registry.yarnpkg.com/@rollup/rollup-win32-ia32-msvc/-/rollup-win32-ia32-msvc-4.50.1.tgz#dd2dfc896eac4b2689d55f01c6d51c249263f805"
  integrity sha512-SXjv8JlbzKM0fTJidX4eVsH+Wmnp0/WcD8gJxIZyR6Gay5Qcsmdbi9zVtnbkGPG8v2vMR1AD06lGWy5FLMcG7A==

"@rollup/rollup-win32-x64-msvc@4.50.1":
  version "4.50.1"
  resolved "https://registry.yarnpkg.com/@rollup/rollup-win32-x64-msvc/-/rollup-win32-x64-msvc-4.50.1.tgz#13f758c97b9fbbac56b6928547a3ff384e7cfb3e"
  integrity sha512-StxAO/8ts62KZVRAm4JZYq9+NqNsV7RvimNK+YM7ry//zebEH6meuugqW/P5OFUCjyQgui+9fUxT6d5NShvMvA==

"@types/estree@0.0.39":
  version "0.0.39"
  resolved "https://registry.yarnpkg.com/@types/estree/-/estree-0.0.39.tgz#e177e699ee1b8c22d23174caaa7422644389509f"
  integrity sha512-EYNwp3bU+98cpU4lAWYYL7Zz+2gryWH1qbdDTidVd6hkiR6weksdbMadyXKXNPEkQFhXM+hVO9ZygomHXp+AIw==

"@types/estree@1.0.8", "@types/estree@^1.0.0":
  version "1.0.8"
  resolved "https://registry.yarnpkg.com/@types/estree/-/estree-1.0.8.tgz#958b91c991b1867ced318bedea0e215ee050726e"
  integrity sha512-dWHzHa2WqEXI/O1E9OjrocMTKJl2mSrEolh1Iomrv6U+JuNwaHXsXx9bLu5gG7BUWFIN0skIQJQ/L1rIex4X6w==

"@types/offscreencanvas@^2019.7.3":
  version "2019.7.3"
  resolved "https://registry.yarnpkg.com/@types/offscreencanvas/-/offscreencanvas-2019.7.3.tgz#90267db13f64d6e9ccb5ae3eac92786a7c77a516"
  integrity sha512-ieXiYmgSRXUDeOntE1InxjWyvEelZGP63M+cGuquuRLuIKKT1osnkXjxev9B7d1nXSug5vpunx+gNlbVxMlC9A==

acorn-walk@7.1.1:
  version "7.1.1"
  resolved "https://registry.yarnpkg.com/acorn-walk/-/acorn-walk-7.1.1.tgz#345f0dffad5c735e7373d2fec9a1023e6a44b83e"
  integrity sha512-wdlPY2tm/9XBr7QkKlq0WQVgiuGTX6YWPyRyBviSoScBuLfTVQhvwg6wJ369GJ/1nPfTLMfnrFIfjqVg6d+jQQ==

acorn@7.3.1:
  version "7.3.1"
  resolved "https://registry.yarnpkg.com/acorn/-/acorn-7.3.1.tgz#85010754db53c3fbaf3b9ea3e083aa5c5d147ffd"
  integrity sha512-tLc0wSnatxAQHVHUapaHdz72pi9KUyHjq5KyHjGg9Y8Ifdc79pTh2XvI6I1/chZbnM7QtNKzh66ooDogPZSleA==

acorn@^8.15.0:
  version "8.15.0"
  resolved "https://registry.yarnpkg.com/acorn/-/acorn-8.15.0.tgz#a360898bc415edaac46c8241f6383975b930b816"
  integrity sha512-NZyJarBfL7nWwIq+FDL6Zp/yHEhePMNnnJ0y3qfieCrmNvYct8uvtiV41UvlSe6apAfk0fY1FbWx+NwfmpvtTg==

ansi-styles@^3.2.1:
  version "3.2.1"
  resolved "https://registry.yarnpkg.com/ansi-styles/-/ansi-styles-3.2.1.tgz#41fbb20243e50b12be0f04b8dedbf07520ce841d"
  integrity sha512-VT0ZI6kZRdTh8YyJw3SMbYm/u+NqfsAxEpWO0Pf9sq8/e94WxxOpPKx9FR1FlyCtOVDNOQ+8ntlqFxiRc+r5qA==
  dependencies:
    color-convert "^1.9.0"

atob@^2.1.2:
  version "2.1.2"
  resolved "https://registry.yarnpkg.com/atob/-/atob-2.1.2.tgz#6d9517eb9e030d2436666651e86bd9f6f13533c9"
  integrity sha512-Wm6ukoaOGJi/73p/cl2GvLjTI5JM1k/O14isD73YML8StrH/7/lRFgmg8nICZgD3bZZvjwCGxtMOD3wWNAu8cg==

b4a@^1.6.4:
  version "1.7.0"
  resolved "https://registry.yarnpkg.com/b4a/-/b4a-1.7.0.tgz#d3c1f72f68be612020c15702d0a6f0e8bc0b65e5"
  integrity sha512-KtsH1alSKomfNi/yDAFaD8PPFfi0LxJCEbPuzogcXrMF+yH40Z1ykTDo2vyxuQfN1FLjv0LFM7CadLHEPrVifw==

bare-events@^2.2.0:
  version "2.6.1"
  resolved "https://registry.yarnpkg.com/bare-events/-/bare-events-2.6.1.tgz#f793b28bdc3dcf147d7cf01f882a6f0b12ccc4a2"
  integrity sha512-AuTJkq9XmE6Vk0FJVNq5QxETrSA/vKHarWVBG5l/JbdCL1prJemiyJqUS0jrlXO0MftuPq4m3YVYhoNc5+aE/g==

chalk@2.x:
  version "2.4.2"
  resolved "https://registry.yarnpkg.com/chalk/-/chalk-2.4.2.tgz#cd42541677a54333cf541a49108c1432b44c9424"
  integrity sha512-Mti+f9lpJNcwF4tWV8/OrTTtF1gZi+f8FqlyAdouralcFWFQWF2+NgCHShjkCb+IFBLq9buZwE1xckQU4peSuQ==
  dependencies:
    ansi-styles "^3.2.1"
    escape-string-regexp "^1.0.5"
    supports-color "^5.3.0"

chalk@5.x:
  version "5.6.2"
  resolved "https://registry.yarnpkg.com/chalk/-/chalk-5.6.2.tgz#b1238b6e23ea337af71c7f8a295db5af0c158aea"
  integrity sha512-7NzBL0rN6fMUW+f7A6Io4h40qQlG+xGmtMxfbnH/K7TAtt8JQWVQK+6g0UXKMeVJoyV5EkkNsErQ8pVD3bLHbA==

clone-buffer@^1.0.0:
  version "1.0.0"
  resolved "https://registry.yarnpkg.com/clone-buffer/-/clone-buffer-1.0.0.tgz#e3e25b207ac4e701af721e2cb5a16792cac3dc58"
  integrity sha1-4+JbIHrE5wGvch4staFnksrD3Fg=

clone-stats@^1.0.0:
  version "1.0.0"
  resolved "https://registry.yarnpkg.com/clone-stats/-/clone-stats-1.0.0.tgz#b3782dff8bb5474e18b9b6bf0fdfe782f8777680"
  integrity sha1-s3gt/4u1R04Yuba/D9/ngvh3doA=

clone@^2.1.1, clone@^2.1.2:
  version "2.1.2"
  resolved "https://registry.yarnpkg.com/clone/-/clone-2.1.2.tgz#1b7f4b9f591f1e8f83670401600345a02887435f"
  integrity sha1-G39Ln1kfHo+DZwQBYANFoCiHQ18=

cloneable-readable@^1.0.0:
  version "1.1.3"
  resolved "https://registry.yarnpkg.com/cloneable-readable/-/cloneable-readable-1.1.3.tgz#120a00cb053bfb63a222e709f9683ea2e11d8cec"
  integrity sha512-2EF8zTQOxYq70Y4XKtorQupqF0m49MBz2/yf5Bj+MHjvpG3Hy7sImifnqD6UA+TKYxeSV+u6qqQPawN5UvnpKQ==
  dependencies:
    inherits "^2.0.1"
    process-nextick-args "^2.0.0"
    readable-stream "^2.3.5"

color-convert@^1.9.0:
  version "1.9.3"
  resolved "https://registry.yarnpkg.com/color-convert/-/color-convert-1.9.3.tgz#bb71850690e1f136567de629d2d5471deda4c1e8"
  integrity sha512-QfAUtd+vFdAtFQcC8CCyYt1fYWxSqAiK2cSD6zDB8N3cpsEBAvRxp9zOGg6G/SHHJYAT88/az/IuDGALsNVbGg==
  dependencies:
    color-name "1.1.3"

color-name@1.1.3:
  version "1.1.3"
  resolved "https://registry.yarnpkg.com/color-name/-/color-name-1.1.3.tgz#a7d0558bd89c42f795dd42328f740831ca53bc25"
  integrity sha1-p9BVi9icQveV3UIyj3QIMcpTvCU=

core-util-is@~1.0.0:
  version "1.0.3"
  resolved "https://registry.yarnpkg.com/core-util-is/-/core-util-is-1.0.3.tgz#a6042d3634c2b27e9328f837b965fac83808db85"
  integrity sha512-ZQBvi1DcpJ4GDqanjucZ2Hj3wEO5pZDS89BWbkcrvdxksJorwUDDZamX9ldFkp9aw2lmBDLgkObEA4DWNJ9FYQ==

decode-uri-component@^0.2.0:
  version "0.2.0"
  resolved "https://registry.yarnpkg.com/decode-uri-component/-/decode-uri-component-0.2.0.tgz#eb3913333458775cb84cd1a1fae062106bb87545"
  integrity sha1-6zkTMzRYd1y4TNGh+uBiEGu4dUU=

escape-string-regexp@^1.0.5:
  version "1.0.5"
  resolved "https://registry.yarnpkg.com/escape-string-regexp/-/escape-string-regexp-1.0.5.tgz#1b61c0562190a8dff6ae3bb2cf0200ca130b86d4"
  integrity sha1-G2HAViGQqN/2rjuyzwIAyhMLhtQ=

estree-walker@2.0.1:
  version "2.0.1"
  resolved "https://registry.yarnpkg.com/estree-walker/-/estree-walker-2.0.1.tgz#f8e030fb21cefa183b44b7ad516b747434e7a3e0"
  integrity sha512-tF0hv+Yi2Ot1cwj9eYHtxC0jB9bmjacjQs6ZBTj82H8JwUywFuc+7E83NWfNMwHXZc11mjfFcVXPe9gEP4B8dg==

estree-walker@^1.0.1:
  version "1.0.1"
  resolved "https://registry.yarnpkg.com/estree-walker/-/estree-walker-1.0.1.tgz#31bc5d612c96b704106b477e6dd5d8aa138cb700"
  integrity sha512-1fMXF3YP4pZZVozF8j/ZLfvnR8NSIljt56UhbZ5PeeDmmGHpgpdwQt7ITlGvYaQukCvuBRMLEiKiYC+oeIg4cg==

estree-walker@^2.0.2:
  version "2.0.2"
  resolved "https://registry.yarnpkg.com/estree-walker/-/estree-walker-2.0.2.tgz#52f010178c2a4c117a7757cfe942adb7d2da4cac"
  integrity sha512-Rfkk/Mp/DL7JVje3u18FxFujQlTNR2q6QfMSMB7AvCBx91NGj/ba3kCfza0f6dVDbw7YlRf/nDrn7pQrCCyQ/w==

fast-fifo@^1.3.2:
  version "1.3.2"
  resolved "https://registry.yarnpkg.com/fast-fifo/-/fast-fifo-1.3.2.tgz#286e31de96eb96d38a97899815740ba2a4f3640c"
  integrity sha512-/d9sfos4yxzpwkDkuN7k2SqFKtYNmCTzgfEpz82x34IM9/zc8KGxQoXg1liNC/izpRM/MBdt44Nmx41ZWqk+FQ==

fsevents@~2.3.2:
  version "2.3.2"
  resolved "https://registry.yarnpkg.com/fsevents/-/fsevents-2.3.2.tgz#8a526f78b8fdf4623b709e0b975c52c24c02fd1a"
  integrity sha512-xiqMQR4xAeHTuB9uWm+fFRcIOgKBMiOBP+eXiyT7jsgVCq1bkVygt00oASowB7EdtpOHaaPgKt812P9ab+DDKA==

function-bind@^1.1.2:
  version "1.1.2"
  resolved "https://registry.yarnpkg.com/function-bind/-/function-bind-1.1.2.tgz#2c02d864d97f3ea6c8830c464cbd11ab6eab7a1c"
  integrity sha512-7XHNxH7qX9xG5mIwxkhumTox/MIRNcOgDrxWsMt2pAr23WHp6MrRlN7FBSFpCpr+oVO0F744iUgR82nJMfG2SA==

google-closure-compiler-java@^20210808.0.0:
  version "20210808.0.0"
  resolved "https://registry.yarnpkg.com/google-closure-compiler-java/-/google-closure-compiler-java-20210808.0.0.tgz#9722073e2ace0ed1a9934423e6277c9994418e84"
  integrity sha512-7dEQfBzOdwdjwa/Pq8VAypNBKyWRrOcKjnNYOO9gEg2hjh8XVMeQzTqw4uANfVvvANGdE/JjD+HF6zHVgLRwjg==

google-closure-compiler-java@^20250903.0.0:
  version "20250903.0.0"
  resolved "https://registry.yarnpkg.com/google-closure-compiler-java/-/google-closure-compiler-java-20250903.0.0.tgz#392d03cb6a13a3fc0d494ff6c371d5ca41b0b763"
  integrity sha512-hA3vFNwBbTFrCejGyRyMoXy1KWQNiQdxYEQqdaF3rN2WAARZkMzIcfetKMktkgCS5SDS/JDs59B05YLYlV9JjA==

google-closure-compiler-linux-arm64@^20250903.0.0:
  version "20250903.0.0"
  resolved "https://registry.yarnpkg.com/google-closure-compiler-linux-arm64/-/google-closure-compiler-linux-arm64-20250903.0.0.tgz#66dbf633ff544441feb30f3f29a27be800834362"
  integrity sha512-lyzQFgRRJxUJZN7YgHZIJHEIXakxWSnQ8ib4zRVfAGKXO34FHv2C08b1sZiQ+XkABtTNQypT/u6bkMRdZIEPmA==

google-closure-compiler-linux@^20210808.0.0:
  version "20210808.0.0"
  resolved "https://registry.yarnpkg.com/google-closure-compiler-linux/-/google-closure-compiler-linux-20210808.0.0.tgz#42b844cef30cce6570d21f5d75c71f1af36fc070"
  integrity sha512-byKi5ITUiWRvEIcQo76i1siVnOwrTmG+GNcBG4cJ7x8IE6+4ki9rG5pUe4+DOYHkfk52XU6XHt9aAAgCcFDKpg==

google-closure-compiler-linux@^20250903.0.0:
  version "20250903.0.0"
  resolved "https://registry.yarnpkg.com/google-closure-compiler-linux/-/google-closure-compiler-linux-20250903.0.0.tgz#e96cddc183bc633c8d0615b364fdf1c36b71b344"
  integrity sha512-aryNIReNulYdH1hC0ATttNtp75Umr+MWDHkjiEPlGEMGO/OoXSoBtBJU+gqaGMGkh78GtEhQpXL+gPj6G5k9eA==

google-closure-compiler-macos@^20250903.0.0:
  version "20250903.0.0"
  resolved "https://registry.yarnpkg.com/google-closure-compiler-macos/-/google-closure-compiler-macos-20250903.0.0.tgz#723a4d7cfa217ec0a618ce9c8e6a79b1199f8c49"
  integrity sha512-jrERk9Apdy+Yky2RonqQQR9dAaHipzwM4oNCn9UzLWaRo/58FvzFIbPknVagN/Fo0n4odJZ2tgYkPzvrQAHCPA==

google-closure-compiler-osx@^20210808.0.0:
  version "20210808.0.0"
  resolved "https://registry.yarnpkg.com/google-closure-compiler-osx/-/google-closure-compiler-osx-20210808.0.0.tgz#6fe601c80d19a998d2703de6bb5a8c4d41f75e24"
  integrity sha512-iwyAY6dGj1FrrBdmfwKXkjtTGJnqe8F+9WZbfXxiBjkWLtIsJt2dD1+q7g/sw3w8mdHrGQAdxtDZP/usMwj/Rg==

google-closure-compiler-windows@^20210808.0.0:
  version "20210808.0.0"
  resolved "https://registry.yarnpkg.com/google-closure-compiler-windows/-/google-closure-compiler-windows-20210808.0.0.tgz#f907fa046d8a25d820485cb4482fbd5bada9cf03"
  integrity sha512-VI+UUYwtGWDYwpiixrWRD8EklHgl6PMbiEaHxQSrQbH8PDXytwaOKqmsaH2lWYd5Y/BOZie2MzjY7F5JI69q1w==

google-closure-compiler-windows@^20250903.0.0:
  version "20250903.0.0"
  resolved "https://registry.yarnpkg.com/google-closure-compiler-windows/-/google-closure-compiler-windows-20250903.0.0.tgz#d02455a5f631fdbe70dd864f86a3ccee0762857d"
  integrity sha512-0/TvA1ukxQTNgMFu2yvo0AuNlxdlhG2WWdHk2+dTB9HdIPdK5v4WLPjJPbfU19zB03Qbgs/aa5qJ+AM6YF+sNw==

google-closure-compiler@20210808.0.0:
  version "20210808.0.0"
  resolved "https://registry.yarnpkg.com/google-closure-compiler/-/google-closure-compiler-20210808.0.0.tgz#0638e71f1073f71682277200db71d0ea05b3de1d"
  integrity sha512-+R2+P1tT1lEnDDGk8b+WXfyVZgWjcCK9n1mmZe8pMEzPaPWxqK7GMetLVWnqfTDJ5Q+LRspOiFBv3Is+0yuhCA==
  dependencies:
    chalk "2.x"
    google-closure-compiler-java "^20210808.0.0"
    minimist "1.x"
    vinyl "2.x"
    vinyl-sourcemaps-apply "^0.2.0"
  optionalDependencies:
    google-closure-compiler-linux "^20210808.0.0"
    google-closure-compiler-osx "^20210808.0.0"
    google-closure-compiler-windows "^20210808.0.0"

google-closure-compiler@^20250903.0.0:
  version "20250903.0.0"
  resolved "https://registry.yarnpkg.com/google-closure-compiler/-/google-closure-compiler-20250903.0.0.tgz#04de735eae6b6df31f15f8d9eb597fc80470333b"
  integrity sha512-+oXBmv/9X5XKT5x4pesMlX+yIxmmklMhkLzduxyV9IiEEIbh8v/xxoYKYcYM2vGzXCIjq7o6uh9wHhtiZCxPdQ==
  dependencies:
    chalk "5.x"
    google-closure-compiler-java "^20250903.0.0"
    minimist "1.x"
    vinyl "3.x"
    vinyl-sourcemaps-apply "^0.2.0"
  optionalDependencies:
    google-closure-compiler-linux "^20250903.0.0"
    google-closure-compiler-linux-arm64 "^20250903.0.0"
    google-closure-compiler-macos "^20250903.0.0"
    google-closure-compiler-windows "^20250903.0.0"

has-flag@^3.0.0:
  version "3.0.0"
  resolved "https://registry.yarnpkg.com/has-flag/-/has-flag-3.0.0.tgz#b5d454dc2199ae225699f3467e5a07f3b955bafd"
  integrity sha1-tdRU3CGZriJWmfNGfloH87lVuv0=

hasown@^2.0.2:
  version "2.0.2"
  resolved "https://registry.yarnpkg.com/hasown/-/hasown-2.0.2.tgz#003eaf91be7adc372e84ec59dc37252cedb80003"
  integrity sha512-0hJU9SCPvmMzIBdZFqNPXWa6dqh7WdH0cII9y+CyS8rG3nL48Bclra9HmKhVVUHyPWNH5Y7xDwAB7bfgSjkUMQ==
  dependencies:
    function-bind "^1.1.2"

inherits@^2.0.1, inherits@~2.0.3:
  version "2.0.4"
  resolved "https://registry.yarnpkg.com/inherits/-/inherits-2.0.4.tgz#0fa2c64f932917c3433a0ded55363aae37416b7c"
  integrity sha512-k/vGaX4/Yla3WzyMCvTQOXYeIHvqOKtnqBduzTHpzpQZzAskKMhZ2K+EnBiSM9zGSoIFeMpXKxa4dYeZIQqewQ==

is-core-module@^2.16.0:
  version "2.16.1"
  resolved "https://registry.yarnpkg.com/is-core-module/-/is-core-module-2.16.1.tgz#2a98801a849f43e2add644fbb6bc6229b19a4ef4"
  integrity sha512-UfoeMA6fIJ8wTYFEUjelnaGI67v6+N7qXJEvQuIGa99l4xsCruSYOVSQ0uPANn4dAzm8lkYPaKLrrijLq7x23w==
  dependencies:
    hasown "^2.0.2"

isarray@~1.0.0:
  version "1.0.0"
  resolved "https://registry.yarnpkg.com/isarray/-/isarray-1.0.0.tgz#bb935d48582cba168c06834957a54a3e07124f11"
  integrity sha1-u5NdSFgsuhaMBoNJV6VKPgcSTxE=

jsqr-es6@^1.4.0-1:
  version "1.4.0-1"
  resolved "https://registry.yarnpkg.com/jsqr-es6/-/jsqr-es6-1.4.0-1.tgz#e72d94a0ed794c6f19d87682ac89fab2a0f8496b"
  integrity sha512-LPWZJLI+3LLOy9k3/s/MeXlkfNOs3bYBX5O+fp4N0XuxbgO8H7Uc/nYZeNwo13nSZXRW9xWFKmZdy9591+PyAg==

magic-string@0.25.7:
  version "0.25.7"
  resolved "https://registry.yarnpkg.com/magic-string/-/magic-string-0.25.7.tgz#3f497d6fd34c669c6798dcb821f2ef31f5445051"
  integrity sha512-4CrMT5DOHTDk4HYDlzmwu4FVCcIYI8gauveasrdCu2IKIFOJ3f0v/8MDGJCDL9oD2ppz/Av1b0Nj345H9M+XIA==
  dependencies:
    sourcemap-codec "^1.4.4"

minimist@1.x:
  version "1.2.5"
  resolved "https://registry.yarnpkg.com/minimist/-/minimist-1.2.5.tgz#67d66014b66a6a8aaa0c083c5fd58df4e4e97602"
  integrity sha512-FM9nNUYrRBAELZQT3xeZQ7fmMOBg6nWNmJKTcgsJeaLstP/UODVpGsr5OhXhhXg6f+qtJ8uiZ+PUxkDWcgIXLw==

path-parse@^1.0.7:
  version "1.0.7"
  resolved "https://registry.yarnpkg.com/path-parse/-/path-parse-1.0.7.tgz#fbc114b60ca42b30d9daf5858e4bd68bbedb6735"
  integrity sha512-LDJzPVEEEPR+y48z93A0Ed0yXb8pAByGWo/k5YYdYgpY2/2EsOsksJrq7lOHxryrVOn1ejG6oAp8ahvOIQD8sw==

picomatch@^2.2.2:
  version "2.3.1"
  resolved "https://registry.yarnpkg.com/picomatch/-/picomatch-2.3.1.tgz#3ba3833733646d9d3e4995946c1365a67fb07a42"
  integrity sha512-JU3teHTNjmE2VCGFzuY8EXzCDVwEqB2a8fsIvwaStHhAWJEeVd1o1QD80CU6+ZdEXXSLbSsuLwJjkCBWqRQUVA==

picomatch@^4.0.2:
  version "4.0.3"
  resolved "https://registry.yarnpkg.com/picomatch/-/picomatch-4.0.3.tgz#796c76136d1eead715db1e7bad785dedd695a042"
  integrity sha512-5gTmgEY/sqK6gFXLIsQNH19lWb4ebPDLA4SdLP7dsWkIXHWlG66oPuVvXSGFPppYZz8ZDZq0dYYrbHfBCVUb1Q==

process-nextick-args@^2.0.0, process-nextick-args@~2.0.0:
  version "2.0.1"
  resolved "https://registry.yarnpkg.com/process-nextick-args/-/process-nextick-args-2.0.1.tgz#7820d9b16120cc55ca9ae7792680ae7dba6d7fe2"
  integrity sha512-3ouUOpQhtgrbOa17J7+uxOTpITYWaGP7/AhoR3+A+/1e9skrzelGi/dXzEYyvbxubEF6Wn2ypscTKiKJFFn1ag==

readable-stream@^2.3.5:
  version "2.3.7"
  resolved "https://registry.yarnpkg.com/readable-stream/-/readable-stream-2.3.7.tgz#1eca1cf711aef814c04f62252a36a62f6cb23b57"
  integrity sha512-Ebho8K4jIbHAxnuxi7o42OrZgF/ZTNcsZj6nRKyUmkhLFq8CHItp/fy6hQZuZmP/n3yZ9VBUbp4zz/mX8hmYPw==
  dependencies:
    core-util-is "~1.0.0"
    inherits "~2.0.3"
    isarray "~1.0.0"
    process-nextick-args "~2.0.0"
    safe-buffer "~5.1.1"
    string_decoder "~1.1.1"
    util-deprecate "~1.0.1"

remove-trailing-separator@^1.0.1, remove-trailing-separator@^1.1.0:
  version "1.1.0"
  resolved "https://registry.yarnpkg.com/remove-trailing-separator/-/remove-trailing-separator-1.1.0.tgz#c24bce2a283adad5bc3f58e0d48249b92379d8ef"
  integrity sha1-wkvOKig62tW8P1jg1IJJuSN52O8=

replace-ext@^1.0.0:
  version "1.0.1"
  resolved "https://registry.yarnpkg.com/replace-ext/-/replace-ext-1.0.1.tgz#2d6d996d04a15855d967443631dd5f77825b016a"
  integrity sha512-yD5BHCe7quCgBph4rMQ+0KkIRKwWCrHDOX1p1Gp6HwjPM5kVoCdKGNhN7ydqqsX6lJEnQDKZ/tFMiEdQ1dvPEw==

replace-ext@^2.0.0:
  version "2.0.0"
  resolved "https://registry.yarnpkg.com/replace-ext/-/replace-ext-2.0.0.tgz#9471c213d22e1bcc26717cd6e50881d88f812b06"
  integrity sha512-UszKE5KVK6JvyD92nzMn9cDapSk6w/CaFZ96CnmDMUqH9oowfxF/ZjRITD25H4DnOQClLA4/j7jLGXXLVKxAug==

resolve@^1.22.1:
  version "1.22.10"
  resolved "https://registry.yarnpkg.com/resolve/-/resolve-1.22.10.tgz#b663e83ffb09bbf2386944736baae803029b8b39"
  integrity sha512-NPRy+/ncIMeDlTAsuqwKIiferiawhefFJtkNSW0qZJEqMEb+qBt/77B/jGeeek+F0uOeN05CDa6HXbbIgtVX4w==
  dependencies:
    is-core-module "^2.16.0"
    path-parse "^1.0.7"
    supports-preserve-symlinks-flag "^1.0.0"

rollup-plugin-sourcemaps@^0.6.2:
  version "0.6.3"
  resolved "https://registry.yarnpkg.com/rollup-plugin-sourcemaps/-/rollup-plugin-sourcemaps-0.6.3.tgz#bf93913ffe056e414419607f1d02780d7ece84ed"
  integrity sha512-paFu+nT1xvuO1tPFYXGe+XnQvg4Hjqv/eIhG8i5EspfYYPBKL57X7iVbfv55aNVASg3dzWvES9dmWsL2KhfByw==
  dependencies:
    "@rollup/pluginutils" "^3.0.9"
    source-map-resolve "^0.6.0"

rollup@^4.50.1:
  version "4.50.1"
  resolved "https://registry.yarnpkg.com/rollup/-/rollup-4.50.1.tgz#6f0717c34aacc65cc727eeaaaccc2afc4e4485fd"
  integrity sha512-78E9voJHwnXQMiQdiqswVLZwJIzdBKJ1GdI5Zx6XwoFKUIk09/sSrr+05QFzvYb8q6Y9pPV45zzDuYa3907TZA==
  dependencies:
    "@types/estree" "1.0.8"
  optionalDependencies:
    "@rollup/rollup-android-arm-eabi" "4.50.1"
    "@rollup/rollup-android-arm64" "4.50.1"
    "@rollup/rollup-darwin-arm64" "4.50.1"
    "@rollup/rollup-darwin-x64" "4.50.1"
    "@rollup/rollup-freebsd-arm64" "4.50.1"
    "@rollup/rollup-freebsd-x64" "4.50.1"
    "@rollup/rollup-linux-arm-gnueabihf" "4.50.1"
    "@rollup/rollup-linux-arm-musleabihf" "4.50.1"
    "@rollup/rollup-linux-arm64-gnu" "4.50.1"
    "@rollup/rollup-linux-arm64-musl" "4.50.1"
    "@rollup/rollup-linux-loongarch64-gnu" "4.50.1"
    "@rollup/rollup-linux-ppc64-gnu" "4.50.1"
    "@rollup/rollup-linux-riscv64-gnu" "4.50.1"
    "@rollup/rollup-linux-riscv64-musl" "4.50.1"
    "@rollup/rollup-linux-s390x-gnu" "4.50.1"
    "@rollup/rollup-linux-x64-gnu" "4.50.1"
    "@rollup/rollup-linux-x64-musl" "4.50.1"
    "@rollup/rollup-openharmony-arm64" "4.50.1"
    "@rollup/rollup-win32-arm64-msvc" "4.50.1"
    "@rollup/rollup-win32-ia32-msvc" "4.50.1"
    "@rollup/rollup-win32-x64-msvc" "4.50.1"
    fsevents "~2.3.2"

safe-buffer@~5.1.0, safe-buffer@~5.1.1:
  version "5.1.2"
  resolved "https://registry.yarnpkg.com/safe-buffer/-/safe-buffer-5.1.2.tgz#991ec69d296e0313747d59bdfd2b745c35f8828d"
  integrity sha512-Gd2UZBJDkXlY7GbJxfsE8/nvKkUEU1G38c1siN6QP6a9PT9MmHB8GnpscSmMJSoF8LOIrt8ud/wPtojys4G6+g==

source-map-resolve@^0.6.0:
  version "0.6.0"
  resolved "https://registry.yarnpkg.com/source-map-resolve/-/source-map-resolve-0.6.0.tgz#3d9df87e236b53f16d01e58150fc7711138e5ed2"
  integrity sha512-KXBr9d/fO/bWo97NXsPIAW1bFSBOuCnjbNTBMO7N59hsv5i9yzRDfcYwwt0l04+VqnKC+EwzvJZIP/qkuMgR/w==
  dependencies:
    atob "^2.1.2"
    decode-uri-component "^0.2.0"

source-map@^0.5.1:
  version "0.5.7"
  resolved "https://registry.yarnpkg.com/source-map/-/source-map-0.5.7.tgz#8a039d2d1021d22d1ea14c80d8ea468ba2ef3fcc"
  integrity sha1-igOdLRAh0i0eoUyA2OpGi6LvP8w=

sourcemap-codec@1.4.8, sourcemap-codec@^1.4.4:
  version "1.4.8"
  resolved "https://registry.yarnpkg.com/sourcemap-codec/-/sourcemap-codec-1.4.8.tgz#ea804bd94857402e6992d05a38ef1ae35a9ab4c4"
  integrity sha512-9NykojV5Uih4lgo5So5dtw+f0JgJX30KCNI8gwhz2J9A15wD0Ml6tjHKwf6fTSa6fAdVBdZeNOs9eJ71qCk8vA==

streamx@^2.12.5:
  version "2.22.1"
  resolved "https://registry.yarnpkg.com/streamx/-/streamx-2.22.1.tgz#c97cbb0ce18da4f4db5a971dc9ab68ff5dc7f5a5"
  integrity sha512-znKXEBxfatz2GBNK02kRnCXjV+AA4kjZIUxeWSr3UGirZMJfTE9uiwKHobnbgxWyL/JWro8tTq+vOqAK1/qbSA==
  dependencies:
    fast-fifo "^1.3.2"
    text-decoder "^1.1.0"
  optionalDependencies:
    bare-events "^2.2.0"

string_decoder@~1.1.1:
  version "1.1.1"
  resolved "https://registry.yarnpkg.com/string_decoder/-/string_decoder-1.1.1.tgz#9cf1611ba62685d7030ae9e4ba34149c3af03fc8"
  integrity sha512-n/ShnvDi6FHbbVfviro+WojiFzv+s8MPMHBczVePfUpDJLwoLT0ht1l4YwBCbi8pJAveEEdnkHyPyTP/mzRfwg==
  dependencies:
    safe-buffer "~5.1.0"

supports-color@^5.3.0:
  version "5.5.0"
  resolved "https://registry.yarnpkg.com/supports-color/-/supports-color-5.5.0.tgz#e2e69a44ac8772f78a1ec0b35b689df6530efc8f"
  integrity sha512-QjVjwdXIt408MIiAqCX4oUKsgU2EqAGzs2Ppkm4aQYbjm+ZEWEcW4SfFNTr4uMNZma0ey4f5lgLrkB0aX0QMow==
  dependencies:
    has-flag "^3.0.0"

supports-preserve-symlinks-flag@^1.0.0:
  version "1.0.0"
  resolved "https://registry.yarnpkg.com/supports-preserve-symlinks-flag/-/supports-preserve-symlinks-flag-1.0.0.tgz#6eda4bd344a3c94aea376d4cc31bc77311039e09"
  integrity sha512-ot0WnXS9fgdkgIcePe6RHNk1WA8+muPa6cSjeR3V8K27q9BB1rTE3R1p7Hv0z1ZyAc8s6Vvv8DIyWf681MAt0w==

teex@^1.0.1:
  version "1.0.1"
  resolved "https://registry.yarnpkg.com/teex/-/teex-1.0.1.tgz#b8fa7245ef8e8effa8078281946c85ab780a0b12"
  integrity sha512-eYE6iEI62Ni1H8oIa7KlDU6uQBtqr4Eajni3wX7rpfXD8ysFx8z0+dri+KWEPWpBsxXfxu58x/0jvTVT1ekOSg==
  dependencies:
    streamx "^2.12.5"

text-decoder@^1.1.0:
  version "1.2.3"
  resolved "https://registry.yarnpkg.com/text-decoder/-/text-decoder-1.2.3.tgz#b19da364d981b2326d5f43099c310cc80d770c65"
  integrity sha512-3/o9z3X0X0fTupwsYvR03pJ/DjWuqqrfwBgTQzdWDiQSm9KitAyz/9WqsT2JQW7KV2m+bC2ol/zqpW37NHxLaA==
  dependencies:
    b4a "^1.6.4"

tslib@^2.8.1:
  version "2.8.1"
  resolved "https://registry.yarnpkg.com/tslib/-/tslib-2.8.1.tgz#612efe4ed235d567e8aba5f2a5fab70280ade83f"
  integrity sha512-oJFu94HQb+KVduSUQL7wnpmqnfmLsOA/nAh6b6EH0wCEoK0/mPeXU6c3wKDV83MkOuHPRHtSXKKU99IBazS/2w==

typescript@^5.9.2:
  version "5.9.2"
  resolved "https://registry.yarnpkg.com/typescript/-/typescript-5.9.2.tgz#d93450cddec5154a2d5cabe3b8102b83316fb2a6"
  integrity sha512-CWBzXQrc/qOkhidw1OzBTQuYRbfyxDXJMVJ1XNwUHGROVmuaeiEm3OslpZ1RV96d7SKKjZKrSJu3+t/xlw3R9A==

util-deprecate@~1.0.1:
  version "1.0.2"
  resolved "https://registry.yarnpkg.com/util-deprecate/-/util-deprecate-1.0.2.tgz#450d4dc9fa70de732762fbd2d4a28981419a0ccf"
  integrity sha1-RQ1Nyfpw3nMnYvvS1KKJgUGaDM8=

uuid@8.1.0:
  version "8.1.0"
  resolved "https://registry.yarnpkg.com/uuid/-/uuid-8.1.0.tgz#6f1536eb43249f473abc6bd58ff983da1ca30d8d"
  integrity sha512-CI18flHDznR0lq54xBycOVmphdCYnQLKn8abKn7PXUiKUGdEd+/l9LWNJmugXel4hXq7S+RMNl34ecyC9TntWg==

vinyl-sourcemaps-apply@^0.2.0:
  version "0.2.1"
  resolved "https://registry.yarnpkg.com/vinyl-sourcemaps-apply/-/vinyl-sourcemaps-apply-0.2.1.tgz#ab6549d61d172c2b1b87be5c508d239c8ef87705"
  integrity sha1-q2VJ1h0XLCsbh75cUI0jnI74dwU=
  dependencies:
    source-map "^0.5.1"

vinyl@2.x:
  version "2.2.1"
  resolved "https://registry.yarnpkg.com/vinyl/-/vinyl-2.2.1.tgz#23cfb8bbab5ece3803aa2c0a1eb28af7cbba1974"
  integrity sha512-LII3bXRFBZLlezoG5FfZVcXflZgWP/4dCwKtxd5ky9+LOtM4CS3bIRQsmR1KMnMW07jpE8fqR2lcxPZ+8sJIcw==
  dependencies:
    clone "^2.1.1"
    clone-buffer "^1.0.0"
    clone-stats "^1.0.0"
    cloneable-readable "^1.0.0"
    remove-trailing-separator "^1.0.1"
    replace-ext "^1.0.0"

vinyl@3.x:
  version "3.0.1"
  resolved "https://registry.yarnpkg.com/vinyl/-/vinyl-3.0.1.tgz#5f5ff85255bda2b5da25e4b3bd80b3fc077fb5a9"
  integrity sha512-0QwqXteBNXgnLCdWdvPQBX6FXRHtIH3VhJPTd5Lwn28tJXc34YqSCWUmkOvtJHBmB3gGoPtrOKk3Ts8/kEZ9aA==
  dependencies:
    clone "^2.1.2"
    remove-trailing-separator "^1.1.0"
    replace-ext "^2.0.0"
    teex "^1.0.1"
